PODS:
  - Alamofire (4.8.1)
  - BoxAPI (0.1.0):
    - Alamofire
    - ObjectMapper
  - ObjectMapper (3.4.2)

DEPENDENCIES:
  - BoxAPI (from `../`)

SPEC REPOS:
  https://github.com/cocoapods/specs.git:
    - Alamofire
    - ObjectMapper

EXTERNAL SOURCES:
  BoxAPI:
    :path: "../"

SPEC CHECKSUMS:
  Alamofire: 16ce2c353fb72865124ddae8a57c5942388f4f11
  BoxAPI: de78b7236779b9dcb00022a88643c31a485a6e6a
  ObjectMapper: 0d4402610f4e468903ae64629eec4784531e5c51

PODFILE CHECKSUM: 6303f6ebe83c40658e5fc1527398116b67dfd49b

COCOAPODS: 1.5.3
